
Microsoft Visual Studio Solution File, Format Version 12.00
# Visual Studio 15
VisualStudioVersion = 15.0.28307.902
MinimumVisualStudioVersion = 10.0.40219.1
Project("{FAE04EC0-301F-11D3-BF4B-00C04F79EFBC}") = "XIT.MVC.Web", "XIT.MVC.Web\XIT.MVC.Web.csproj", "{B2548E37-5FE7-4DAB-A5F8-794A945F0F77}"
EndProject
Project("{FAE04EC0-301F-11D3-BF4B-00C04F79EFBC}") = "XIT.EF.Dal", "XIT.EF.Dal\XIT.EF.Dal.csproj", "{5A6594E4-4223-4A1C-A1FF-9BCBA08FA382}"
EndProject
Global
	GlobalSection(SolutionConfigurationPlatforms) = preSolution
		Debug|Any CPU = Debug|Any CPU
		Release|Any CPU = Release|Any CPU
	EndGlobalSection
	GlobalSection(ProjectConfigurationPlatforms) = postSolution
		{B2548E37-5FE7-4DAB-A5F8-794A945F0F77}.Debug|Any CPU.ActiveCfg = Debug|Any CPU
		{B2548E37-5FE7-4DAB-A5F8-794A945F0F77}.Debug|Any CPU.Build.0 = Debug|Any CPU
		{B2548E37-5FE7-4DAB-A5F8-794A945F0F77}.Release|Any CPU.ActiveCfg = Release|Any CPU
		{B2548E37-5FE7-4DAB-A5F8-794A945F0F77}.Release|Any CPU.Build.0 = Release|Any CPU
		{5A6594E4-4223-4A1C-A1FF-9BCBA08FA382}.Debug|Any CPU.ActiveCfg = Debug|Any CPU
		{5A6594E4-4223-4A1C-A1FF-9BCBA08FA382}.Debug|Any CPU.Build.0 = Debug|Any CPU
		{5A6594E4-4223-4A1C-A1FF-9BCBA08FA382}.Release|Any CPU.ActiveCfg = Release|Any CPU
		{5A6594E4-4223-4A1C-A1FF-9BCBA08FA382}.Release|Any CPU.Build.0 = Release|Any CPU
	EndGlobalSection
	GlobalSection(SolutionProperties) = preSolution
		HideSolutionNode = FALSE
	EndGlobalSection
	GlobalSection(ExtensibilityGlobals) = postSolution
		SolutionGuid = {06B33929-71EC-4AC5-A0C9-EC4ACA594ED7}
	EndGlobalSection
EndGlobal
